
Microsoft Visual Studio Solution File, Format Version 12.00
# Visual Studio Version 17
VisualStudioVersion = 17.11.35327.3
MinimumVisualStudioVersion = 10.0.40219.1
Project("{9A19103F-16F7-4668-BE54-9A1E7A4F7556}") = "VictuzApp", "VictuzApp\VictuzApp.csproj", "{D4B275C9-6521-48ED-B3C8-49CEBCC50584}"
EndProject
Project("{FAE04EC0-301F-11D3-BF4B-00C04F79EFBC}") = "BestActivityAPI", "BestActivityAPI\BestActivityAPI.csproj", "{02D5A10D-4339-4A5D-AEF6-83C6524486D7}"
EndProject
Global
	GlobalSection(SolutionConfigurationPlatforms) = preSolution
		Debug|Any CPU = Debug|Any CPU
		Release|Any CPU = Release|Any CPU
	EndGlobalSection
	GlobalSection(ProjectConfigurationPlatforms) = postSolution
		{D4B275C9-6521-48ED-B3C8-49CEBCC50584}.Debug|Any CPU.ActiveCfg = Debug|Any CPU
		{D4B275C9-6521-48ED-B3C8-49CEBCC50584}.Debug|Any CPU.Build.0 = Debug|Any CPU
		{D4B275C9-6521-48ED-B3C8-49CEBCC50584}.Release|Any CPU.ActiveCfg = Release|Any CPU
		{D4B275C9-6521-48ED-B3C8-49CEBCC50584}.Release|Any CPU.Build.0 = Release|Any CPU
		{02D5A10D-4339-4A5D-AEF6-83C6524486D7}.Debug|Any CPU.ActiveCfg = Debug|Any CPU
		{02D5A10D-4339-4A5D-AEF6-83C6524486D7}.Debug|Any CPU.Build.0 = Debug|Any CPU
		{02D5A10D-4339-4A5D-AEF6-83C6524486D7}.Release|Any CPU.ActiveCfg = Release|Any CPU
		{02D5A10D-4339-4A5D-AEF6-83C6524486D7}.Release|Any CPU.Build.0 = Release|Any CPU
	EndGlobalSection
	GlobalSection(SolutionProperties) = preSolution
		HideSolutionNode = FALSE
	EndGlobalSection
	GlobalSection(ExtensibilityGlobals) = postSolution
		SolutionGuid = {A1C675D3-D5AF-4EA2-8B61-769B806565EA}
	EndGlobalSection
EndGlobal
